
Microsoft Visual Studio Solution File, Format Version 12.00
# Visual Studio Version 16
VisualStudioVersion = 16.0.29613.14
MinimumVisualStudioVersion = 10.0.40219.1
Project("{FAE04EC0-301F-11D3-BF4B-00C04F79EFBC}") = "StringIdCreation", "StringIdCreation\StringIdCreation.csproj", "{79BDD5A6-31EF-454F-AF54-3FF0DD95C74E}"
EndProject
Global
	GlobalSection(SolutionConfigurationPlatforms) = preSolution
		Debug|Any CPU = Debug|Any CPU
		Release|Any CPU = Release|Any CPU
	EndGlobalSection
	GlobalSection(ProjectConfigurationPlatforms) = postSolution
		{79BDD5A6-31EF-454F-AF54-3FF0DD95C74E}.Debug|Any CPU.ActiveCfg = Debug|Any CPU
		{79BDD5A6-31EF-454F-AF54-3FF0DD95C74E}.Debug|Any CPU.Build.0 = Debug|Any CPU
		{79BDD5A6-31EF-454F-AF54-3FF0DD95C74E}.Release|Any CPU.ActiveCfg = Release|Any CPU
		{79BDD5A6-31EF-454F-AF54-3FF0DD95C74E}.Release|Any CPU.Build.0 = Release|Any CPU
	EndGlobalSection
	GlobalSection(SolutionProperties) = preSolution
		HideSolutionNode = FALSE
	EndGlobalSection
	GlobalSection(ExtensibilityGlobals) = postSolution
		SolutionGuid = {5D77781A-CF60-48BC-A509-2429B972BB36}
	EndGlobalSection
EndGlobal
